{
  "requires": true,
  "lockfileVersion": 1,
  "dependencies": {
    "furtive-print": {
      "version": "0.0.1",
      "resolved": "https://registry.npmjs.org/furtive-print/-/furtive-print-0.0.1.tgz",
      "integrity": "sha1-PbIHonn5KN4h/f66fX96TdlFdI8="
    },
    "furtive-responsive-utils": {
      "version": "0.0.1",
      "resolved": "https://registry.npmjs.org/furtive-responsive-utils/-/furtive-responsive-utils-0.0.1.tgz",
      "integrity": "sha1-TCZYD9vInaqpBHNVNzQVLsIIUN0="
    },
    "furtive-typescale": {
      "version": "0.0.4",
      "resolved": "https://registry.npmjs.org/furtive-typescale/-/furtive-typescale-0.0.4.tgz",
      "integrity": "sha1-ArxK0+uCLx0u4tDa6KYLy6519kA="
    },
    "markdown-splendor": {
      "version": "1.0.1",
      "resolved": "https://registry.npmjs.org/markdown-splendor/-/markdown-splendor-1.0.1.tgz",
      "integrity": "sha1-4DrDOU+beTNTKIxWygVjHIP2hmY=",
      "requires": {
        "furtive-print": "0.0.1",
        "furtive-responsive-utils": "0.0.1",
        "furtive-typescale": "0.0.4"
      }
    }
  }
}
